
Microsoft Visual Studio Solution File, Format Version 12.00
# Visual Studio Version 17
VisualStudioVersion = 17.12.35707.178
MinimumVisualStudioVersion = 10.0.40219.1
Project("{FAE04EC0-301F-11D3-BF4B-00C04F79EFBC}") = "BMIDB", "BMIDB\BMIDB.csproj", "{A071703F-ECD3-4F7B-9784-B95F12B4BA17}"
EndProject
Global
	GlobalSection(SolutionConfigurationPlatforms) = preSolution
		Debug|Any CPU = Debug|Any CPU
		Release|Any CPU = Release|Any CPU
	EndGlobalSection
	GlobalSection(ProjectConfigurationPlatforms) = postSolution
		{A071703F-ECD3-4F7B-9784-B95F12B4BA17}.Debug|Any CPU.ActiveCfg = Debug|Any CPU
		{A071703F-ECD3-4F7B-9784-B95F12B4BA17}.Debug|Any CPU.Build.0 = Debug|Any CPU
		{A071703F-ECD3-4F7B-9784-B95F12B4BA17}.Release|Any CPU.ActiveCfg = Release|Any CPU
		{A071703F-ECD3-4F7B-9784-B95F12B4BA17}.Release|Any CPU.Build.0 = Release|Any CPU
	EndGlobalSection
	GlobalSection(SolutionProperties) = preSolution
		HideSolutionNode = FALSE
	EndGlobalSection
EndGlobal
